// !$*UTF8*$!
{
	archiveVersion = 1;
	classes = {
	};
	objectVersion = 46;
	objects = {

/* Begin PBXBuildFile section */
		30288B921E34F6BC0057AF6D /* spring.wav in Resources */ = {isa = PBXBuildFile; fileRef = 30288B8F1E34F6BC0057AF6D /* spring.wav */; };
		30288B931E34F6BC0057AF6D /* WoodkitPrintPro-Letterpress.ttf in Resources */ = {isa = PBXBuildFile; fileRef = 30288B901E34F6BC0057AF6D /* WoodkitPrintPro-Letterpress.ttf */; };
		30288B961E34F9050057AF6D /* UIColor+Custom.swift in Sources */ = {isa = PBXBuildFile; fileRef = 30288B951E34F9050057AF6D /* UIColor+Custom.swift */; };
		30288B9B1E34FB9F0057AF6D /* SymbolsVC.swift in Sources */ = {isa = PBXBuildFile; fileRef = 30288B9A1E34FB9F0057AF6D /* SymbolsVC.swift */; };
		30288B9D1E34FBA90057AF6D /* RootVC.swift in Sources */ = {isa = PBXBuildFile; fileRef = 30288B9C1E34FBA90057AF6D /* RootVC.swift */; };
		30288BA01E34FC0D0057AF6D /* UIViewController+Additions.swift in Sources */ = {isa = PBXBuildFile; fileRef = 30288B9F1E34FC0D0057AF6D /* UIViewController+Additions.swift */; };
		30288BA41E3505270057AF6D /* SymbolCell.swift in Sources */ = {isa = PBXBuildFile; fileRef = 30288BA31E3505270057AF6D /* SymbolCell.swift */; };
		30288BA61E350B4F0057AF6D /* UIFont+Transit.swift in Sources */ = {isa = PBXBuildFile; fileRef = 30288BA51E350B4F0057AF6D /* UIFont+Transit.swift */; };
		302CA6C31E3610CC00EFB35C /* SymbolView.swift in Sources */ = {isa = PBXBuildFile; fileRef = 302CA6C21E3610CC00EFB35C /* SymbolView.swift */; };
		302CA6C51E3613F600EFB35C /* woosh.wav in Resources */ = {isa = PBXBuildFile; fileRef = 302CA6C41E3613F600EFB35C /* woosh.wav */; };
		302CA6C91E36181300EFB35C /* Launch Screen.storyboard in Resources */ = {isa = PBXBuildFile; fileRef = 302CA6C81E36181300EFB35C /* Launch Screen.storyboard */; };
		303582941EEC44AC00C7917B /* SymbolVM.swift in Sources */ = {isa = PBXBuildFile; fileRef = 303582931EEC44AC00C7917B /* SymbolVM.swift */; };
		303582961EEC474000C7917B /* SymbolsVM.swift in Sources */ = {isa = PBXBuildFile; fileRef = 303582951EEC474000C7917B /* SymbolsVM.swift */; };
		303582981EEC48A600C7917B /* ColorService.swift in Sources */ = {isa = PBXBuildFile; fileRef = 303582971EEC48A600C7917B /* ColorService.swift */; };
		3035829A1EEC4C0D00C7917B /* AudioService.swift in Sources */ = {isa = PBXBuildFile; fileRef = 303582991EEC4C0D00C7917B /* AudioService.swift */; };
		3035829C1EEC67C300C7917B /* FontService.swift in Sources */ = {isa = PBXBuildFile; fileRef = 3035829B1EEC67C300C7917B /* FontService.swift */; };
		30964F281F1116400096B0EF /* FTN65.otf in Resources */ = {isa = PBXBuildFile; fileRef = 30964F271F1116400096B0EF /* FTN65.otf */; };
		30964F771F1119150096B0EF /* F-A.mp3 in Resources */ = {isa = PBXBuildFile; fileRef = 30964F291F1119150096B0EF /* F-A.mp3 */; };
		30964F781F1119150096B0EF /* F-B.mp3 in Resources */ = {isa = PBXBuildFile; fileRef = 30964F2A1F1119150096B0EF /* F-B.mp3 */; };
		30964F791F1119150096B0EF /* F-C.mp3 in Resources */ = {isa = PBXBuildFile; fileRef = 30964F2B1F1119150096B0EF /* F-C.mp3 */; };
		30964F7A1F1119150096B0EF /* F-D.mp3 in Resources */ = {isa = PBXBuildFile; fileRef = 30964F2C1F1119150096B0EF /* F-D.mp3 */; };
		30964F7B1F1119150096B0EF /* F-E.mp3 in Resources */ = {isa = PBXBuildFile; fileRef = 30964F2D1F1119150096B0EF /* F-E.mp3 */; };
		30964F7C1F1119150096B0EF /* F-F.mp3 in Resources */ = {isa = PBXBuildFile; fileRef = 30964F2E1F1119150096B0EF /* F-F.mp3 */; };
		30964F7D1F1119150096B0EF /* F-G.mp3 in Resources */ = {isa = PBXBuildFile; fileRef = 30964F2F1F1119150096B0EF /* F-G.mp3 */; };
		30964F7E1F1119150096B0EF /* F-H.mp3 in Resources */ = {isa = PBXBuildFile; fileRef = 30964F301F1119150096B0EF /* F-H.mp3 */; };
		30964F7F1F1119150096B0EF /* F-I.mp3 in Resources */ = {isa = PBXBuildFile; fileRef = 30964F311F1119150096B0EF /* F-I.mp3 */; };
		30964F801F1119150096B0EF /* F-J.mp3 in Resources */ = {isa = PBXBuildFile; fileRef = 30964F321F1119150096B0EF /* F-J.mp3 */; };
		30964F811F1119150096B0EF /* F-K.mp3 in Resources */ = {isa = PBXBuildFile; fileRef = 30964F331F1119150096B0EF /* F-K.mp3 */; };
		30964F821F1119150096B0EF /* F-L.mp3 in Resources */ = {isa = PBXBuildFile; fileRef = 30964F341F1119150096B0EF /* F-L.mp3 */; };
		30964F831F1119150096B0EF /* F-M.mp3 in Resources */ = {isa = PBXBuildFile; fileRef = 30964F351F1119150096B0EF /* F-M.mp3 */; };
		30964F841F1119150096B0EF /* F-N.mp3 in Resources */ = {isa = PBXBuildFile; fileRef = 30964F361F1119150096B0EF /* F-N.mp3 */; };
		30964F851F1119150096B0EF /* F-O.mp3 in Resources */ = {isa = PBXBuildFile; fileRef = 30964F371F1119150096B0EF /* F-O.mp3 */; };
		30964F861F1119150096B0EF /* F-P.mp3 in Resources */ = {isa = PBXBuildFile; fileRef = 30964F381F1119150096B0EF /* F-P.mp3 */; };
		30964F871F1119150096B0EF /* F-Q.mp3 in Resources */ = {isa = PBXBuildFile; fileRef = 30964F391F1119150096B0EF /* F-Q.mp3 */; };
		30964F881F1119150096B0EF /* F-R.mp3 in Resources */ = {isa = PBXBuildFile; fileRef = 30964F3A1F1119150096B0EF /* F-R.mp3 */; };
		30964F891F1119150096B0EF /* F-S.mp3 in Resources */ = {isa = PBXBuildFile; fileRef = 30964F3B1F1119150096B0EF /* F-S.mp3 */; };
		30964F8A1F1119150096B0EF /* F-T.mp3 in Resources */ = {isa = PBXBuildFile; fileRef = 30964F3C1F1119150096B0EF /* F-T.mp3 */; };
		30964F8B1F1119150096B0EF /* F-U.mp3 in Resources */ = {isa = PBXBuildFile; fileRef = 30964F3D1F1119150096B0EF /* F-U.mp3 */; };
		30964F8C1F1119150096B0EF /* F-V.mp3 in Resources */ = {isa = PBXBuildFile; fileRef = 30964F3E1F1119150096B0EF /* F-V.mp3 */; };
		30964F8D1F1119150096B0EF /* F-W.mp3 in Resources */ = {isa = PBXBuildFile; fileRef = 30964F3F1F1119150096B0EF /* F-W.mp3 */; };
		30964F8E1F1119150096B0EF /* F-X.mp3 in Resources */ = {isa = PBXBuildFile; fileRef = 30964F401F1119150096B0EF /* F-X.mp3 */; };
		30964F8F1F1119150096B0EF /* F-Y.mp3 in Resources */ = {isa = PBXBuildFile; fileRef = 30964F411F1119150096B0EF /* F-Y.mp3 */; };
		30964F901F1119150096B0EF /* F-Z.mp3 in Resources */ = {isa = PBXBuildFile; fileRef = 30964F421F1119150096B0EF /* F-Z.mp3 */; };
		30964F911F1119150096B0EF /* KID2-A.mp3 in Resources */ = {isa = PBXBuildFile; fileRef = 30964F431F1119150096B0EF /* KID2-A.mp3 */; };
		30964F921F1119150096B0EF /* KID2-B.mp3 in Resources */ = {isa = PBXBuildFile; fileRef = 30964F441F1119150096B0EF /* KID2-B.mp3 */; };
		30964F931F1119150096B0EF /* KID2-C.mp3 in Resources */ = {isa = PBXBuildFile; fileRef = 30964F451F1119150096B0EF /* KID2-C.mp3 */; };
		30964F941F1119150096B0EF /* KID2-D.mp3 in Resources */ = {isa = PBXBuildFile; fileRef = 30964F461F1119150096B0EF /* KID2-D.mp3 */; };
		30964F951F1119150096B0EF /* KID2-E.mp3 in Resources */ = {isa = PBXBuildFile; fileRef = 30964F471F1119150096B0EF /* KID2-E.mp3 */; };
		30964F961F1119150096B0EF /* KID2-F.mp3 in Resources */ = {isa = PBXBuildFile; fileRef = 30964F481F1119150096B0EF /* KID2-F.mp3 */; };
		30964F971F1119150096B0EF /* KID2-G.mp3 in Resources */ = {isa = PBXBuildFile; fileRef = 30964F491F1119150096B0EF /* KID2-G.mp3 */; };
		30964F981F1119150096B0EF /* KID2-H.mp3 in Resources */ = {isa = PBXBuildFile; fileRef = 30964F4A1F1119150096B0EF /* KID2-H.mp3 */; };
		30964F991F1119150096B0EF /* KID2-I.mp3 in Resources */ = {isa = PBXBuildFile; fileRef = 30964F4B1F1119150096B0EF /* KID2-I.mp3 */; };
		30964F9A1F1119150096B0EF /* KID2-J.mp3 in Resources */ = {isa = PBXBuildFile; fileRef = 30964F4C1F1119150096B0EF /* KID2-J.mp3 */; };
		30964F9B1F1119150096B0EF /* KID2-K.mp3 in Resources */ = {isa = PBXBuildFile; fileRef = 30964F4D1F1119150096B0EF /* KID2-K.mp3 */; };
		30964F9C1F1119150096B0EF /* KID2-L.mp3 in Resources */ = {isa = PBXBuildFile; fileRef = 30964F4E1F1119150096B0EF /* KID2-L.mp3 */; };
		30964F9D1F1119150096B0EF /* KID2-M.mp3 in Resources */ = {isa = PBXBuildFile; fileRef = 30964F4F1F1119150096B0EF /* KID2-M.mp3 */; };
		30964F9E1F1119150096B0EF /* KID2-N.mp3 in Resources */ = {isa = PBXBuildFile; fileRef = 30964F501F1119150096B0EF /* KID2-N.mp3 */; };
		30964F9F1F1119150096B0EF /* KID2-O.mp3 in Resources */ = {isa = PBXBuildFile; fileRef = 30964F511F1119150096B0EF /* KID2-O.mp3 */; };
		30964FA01F1119150096B0EF /* KID2-P.mp3 in Resources */ = {isa = PBXBuildFile; fileRef = 30964F521F1119150096B0EF /* KID2-P.mp3 */; };
		30964FA11F1119150096B0EF /* KID2-Q.mp3 in Resources */ = {isa = PBXBuildFile; fileRef = 30964F531F1119150096B0EF /* KID2-Q.mp3 */; };
		30964FA21F1119150096B0EF /* KID2-R.mp3 in Resources */ = {isa = PBXBuildFile; fileRef = 30964F541F1119150096B0EF /* KID2-R.mp3 */; };
		30964FA31F1119150096B0EF /* KID2-S.mp3 in Resources */ = {isa = PBXBuildFile; fileRef = 30964F551F1119150096B0EF /* KID2-S.mp3 */; };
		30964FA41F1119150096B0EF /* KID2-T.mp3 in Resources */ = {isa = PBXBuildFile; fileRef = 30964F561F1119150096B0EF /* KID2-T.mp3 */; };
		30964FA51F1119150096B0EF /* KID2-U.mp3 in Resources */ = {isa = PBXBuildFile; fileRef = 30964F571F1119150096B0EF /* KID2-U.mp3 */; };
		30964FA61F1119150096B0EF /* KID2-V.mp3 in Resources */ = {isa = PBXBuildFile; fileRef = 30964F581F1119150096B0EF /* KID2-V.mp3 */; };
		30964FA71F1119150096B0EF /* KID2-W.mp3 in Resources */ = {isa = PBXBuildFile; fileRef = 30964F591F1119150096B0EF /* KID2-W.mp3 */; };
		30964FA81F1119150096B0EF /* KID2-X.mp3 in Resources */ = {isa = PBXBuildFile; fileRef = 30964F5A1F1119150096B0EF /* KID2-X.mp3 */; };
		30964FA91F1119150096B0EF /* KID2-Y.mp3 in Resources */ = {isa = PBXBuildFile; fileRef = 30964F5B1F1119150096B0EF /* KID2-Y.mp3 */; };
		30964FAA1F1119150096B0EF /* KID2-Z.mp3 in Resources */ = {isa = PBXBuildFile; fileRef = 30964F5C1F1119150096B0EF /* KID2-Z.mp3 */; };
		30964FAB1F1119150096B0EF /* M-A.mp3 in Resources */ = {isa = PBXBuildFile; fileRef = 30964F5D1F1119150096B0EF /* M-A.mp3 */; };
		30964FAC1F1119150096B0EF /* M-B.mp3 in Resources */ = {isa = PBXBuildFile; fileRef = 30964F5E1F1119150096B0EF /* M-B.mp3 */; };
		30964FAD1F1119150096B0EF /* M-C.mp3 in Resources */ = {isa = PBXBuildFile; fileRef = 30964F5F1F1119150096B0EF /* M-C.mp3 */; };
		30964FAE1F1119150096B0EF /* M-D.mp3 in Resources */ = {isa = PBXBuildFile; fileRef = 30964F601F1119150096B0EF /* M-D.mp3 */; };
		30964FAF1F1119150096B0EF /* M-E.mp3 in Resources */ = {isa = PBXBuildFile; fileRef = 30964F611F1119150096B0EF /* M-E.mp3 */; };
		30964FB01F1119150096B0EF /* M-F.mp3 in Resources */ = {isa = PBXBuildFile; fileRef = 30964F621F1119150096B0EF /* M-F.mp3 */; };
		30964FB11F1119150096B0EF /* M-G.mp3 in Resources */ = {isa = PBXBuildFile; fileRef = 30964F631F1119150096B0EF /* M-G.mp3 */; };
		30964FB21F1119150096B0EF /* M-H.mp3 in Resources */ = {isa = PBXBuildFile; fileRef = 30964F641F1119150096B0EF /* M-H.mp3 */; };
		30964FB31F1119150096B0EF /* M-I.mp3 in Resources */ = {isa = PBXBuildFile; fileRef = 30964F651F1119150096B0EF /* M-I.mp3 */; };
		30964FB41F1119150096B0EF /* M-J.mp3 in Resources */ = {isa = PBXBuildFile; fileRef = 30964F661F1119150096B0EF /* M-J.mp3 */; };
		30964FB51F1119150096B0EF /* M-K.mp3 in Resources */ = {isa = PBXBuildFile; fileRef = 30964F671F1119150096B0EF /* M-K.mp3 */; };
		30964FB61F1119150096B0EF /* M-L.mp3 in Resources */ = {isa = PBXBuildFile; fileRef = 30964F681F1119150096B0EF /* M-L.mp3 */; };
		30964FB71F1119150096B0EF /* M-M.mp3 in Resources */ = {isa = PBXBuildFile; fileRef = 30964F691F1119150096B0EF /* M-M.mp3 */; };
		30964FB81F1119150096B0EF /* M-N.mp3 in Resources */ = {isa = PBXBuildFile; fileRef = 30964F6A1F1119150096B0EF /* M-N.mp3 */; };
		30964FB91F1119150096B0EF /* M-O.mp3 in Resources */ = {isa = PBXBuildFile; fileRef = 30964F6B1F1119150096B0EF /* M-O.mp3 */; };
		30964FBA1F1119150096B0EF /* M-P.mp3 in Resources */ = {isa = PBXBuildFile; fileRef = 30964F6C1F1119150096B0EF /* M-P.mp3 */; };
		30964FBB1F1119150096B0EF /* M-Q.mp3 in Resources */ = {isa = PBXBuildFile; fileRef = 30964F6D1F1119150096B0EF /* M-Q.mp3 */; };
		30964FBC1F1119150096B0EF /* M-R.mp3 in Resources */ = {isa = PBXBuildFile; fileRef = 30964F6E1F1119150096B0EF /* M-R.mp3 */; };
		30964FBD1F1119150096B0EF /* M-S.mp3 in Resources */ = {isa = PBXBuildFile; fileRef = 30964F6F1F1119150096B0EF /* M-S.mp3 */; };
		30964FBE1F1119150096B0EF /* M-T.mp3 in Resources */ = {isa = PBXBuildFile; fileRef = 30964F701F1119150096B0EF /* M-T.mp3 */; };
		30964FBF1F1119150096B0EF /* M-U.mp3 in Resources */ = {isa = PBXBuildFile; fileRef = 30964F711F1119150096B0EF /* M-U.mp3 */; };
		30964FC01F1119150096B0EF /* M-V.mp3 in Resources */ = {isa = PBXBuildFile; fileRef = 30964F721F1119150096B0EF /* M-V.mp3 */; };
		30964FC11F1119150096B0EF /* M-W.mp3 in Resources */ = {isa = PBXBuildFile; fileRef = 30964F731F1119150096B0EF /* M-W.mp3 */; };
		30964FC21F1119150096B0EF /* M-X.mp3 in Resources */ = {isa = PBXBuildFile; fileRef = 30964F741F1119150096B0EF /* M-X.mp3 */; };
		30964FC31F1119150096B0EF /* M-Y.mp3 in Resources */ = {isa = PBXBuildFile; fileRef = 30964F751F1119150096B0EF /* M-Y.mp3 */; };
		30964FC41F1119150096B0EF /* M-Z.mp3 in Resources */ = {isa = PBXBuildFile; fileRef = 30964F761F1119150096B0EF /* M-Z.mp3 */; };
		30964FC61F111A5C0096B0EF /* SymbolButton.swift in Sources */ = {isa = PBXBuildFile; fileRef = 30964FC51F111A5C0096B0EF /* SymbolButton.swift */; };
		30A460F71F1E7CB300E05B7B /* dzin.wav in Resources */ = {isa = PBXBuildFile; fileRef = 30A460F61F1E7CB300E05B7B /* dzin.wav */; };
		30DD52851F5A9E2E00C02E75 /* AnimationView.swift in Sources */ = {isa = PBXBuildFile; fileRef = 30DD52841F5A9E2E00C02E75 /* AnimationView.swift */; };
		51DD9382621C678EB32B9224 /* Pods_Otadoya.framework in Frameworks */ = {isa = PBXBuildFile; fileRef = 98E79E99E323A0C95A90D411 /* Pods_Otadoya.framework */; };
		FD29217D1E30ED8C0042C052 /* AppDelegate.swift in Sources */ = {isa = PBXBuildFile; fileRef = FD29217C1E30ED8C0042C052 /* AppDelegate.swift */; };
		FD2921841E30ED8C0042C052 /* Assets.xcassets in Resources */ = {isa = PBXBuildFile; fileRef = FD2921831E30ED8C0042C052 /* Assets.xcassets */; };
		FDE98BF21E3238E7007D39F6 /* Transition.swift in Sources */ = {isa = PBXBuildFile; fileRef = FDE98BF11E3238E7007D39F6 /* Transition.swift */; };
/* End PBXBuildFile section */

/* Begin PBXFileReference section */
		03246159523A5271C3ABBABB /* Pods-Otadoya.debug.xcconfig */ = {isa = PBXFileReference; includeInIndex = 1; lastKnownFileType = text.xcconfig; name = "Pods-Otadoya.debug.xcconfig"; path = "Pods/Target Support Files/Pods-Otadoya/Pods-Otadoya.debug.xcconfig"; sourceTree = "<group>"; };
		30288B8F1E34F6BC0057AF6D /* spring.wav */ = {isa = PBXFileReference; lastKnownFileType = audio.wav; path = spring.wav; sourceTree = "<group>"; };
		30288B901E34F6BC0057AF6D /* WoodkitPrintPro-Letterpress.ttf */ = {isa = PBXFileReference; lastKnownFileType = file; path = "WoodkitPrintPro-Letterpress.ttf"; sourceTree = "<group>"; };
		30288B951E34F9050057AF6D /* UIColor+Custom.swift */ = {isa = PBXFileReference; fileEncoding = 4; lastKnownFileType = sourcecode.swift; path = "UIColor+Custom.swift"; sourceTree = "<group>"; };
		30288B9A1E34FB9F0057AF6D /* SymbolsVC.swift */ = {isa = PBXFileReference; fileEncoding = 4; lastKnownFileType = sourcecode.swift; path = SymbolsVC.swift; sourceTree = "<group>"; };
		30288B9C1E34FBA90057AF6D /* RootVC.swift */ = {isa = PBXFileReference; fileEncoding = 4; lastKnownFileType = sourcecode.swift; path = RootVC.swift; sourceTree = "<group>"; };
		30288B9F1E34FC0D0057AF6D /* UIViewController+Additions.swift */ = {isa = PBXFileReference; fileEncoding = 4; lastKnownFileType = sourcecode.swift; path = "UIViewController+Additions.swift"; sourceTree = "<group>"; };
		30288BA31E3505270057AF6D /* SymbolCell.swift */ = {isa = PBXFileReference; fileEncoding = 4; lastKnownFileType = sourcecode.swift; path = SymbolCell.swift; sourceTree = "<group>"; };
		30288BA51E350B4F0057AF6D /* UIFont+Transit.swift */ = {isa = PBXFileReference; fileEncoding = 4; lastKnownFileType = sourcecode.swift; path = "UIFont+Transit.swift"; sourceTree = "<group>"; };
		302CA6C21E3610CC00EFB35C /* SymbolView.swift */ = {isa = PBXFileReference; fileEncoding = 4; lastKnownFileType = sourcecode.swift; path = SymbolView.swift; sourceTree = "<group>"; };
		302CA6C41E3613F600EFB35C /* woosh.wav */ = {isa = PBXFileReference; lastKnownFileType = audio.wav; path = woosh.wav; sourceTree = "<group>"; };
		302CA6C81E36181300EFB35C /* Launch Screen.storyboard */ = {isa = PBXFileReference; fileEncoding = 4; lastKnownFileType = file.storyboard; path = "Launch Screen.storyboard"; sourceTree = "<group>"; };
		303582931EEC44AC00C7917B /* SymbolVM.swift */ = {isa = PBXFileReference; fileEncoding = 4; lastKnownFileType = sourcecode.swift; path = SymbolVM.swift; sourceTree = "<group>"; };
		303582951EEC474000C7917B /* SymbolsVM.swift */ = {isa = PBXFileReference; fileEncoding = 4; lastKnownFileType = sourcecode.swift; path = SymbolsVM.swift; sourceTree = "<group>"; };
		303582971EEC48A600C7917B /* ColorService.swift */ = {isa = PBXFileReference; fileEncoding = 4; lastKnownFileType = sourcecode.swift; path = ColorService.swift; sourceTree = "<group>"; };
		303582991EEC4C0D00C7917B /* AudioService.swift */ = {isa = PBXFileReference; fileEncoding = 4; lastKnownFileType = sourcecode.swift; path = AudioService.swift; sourceTree = "<group>"; };
		3035829B1EEC67C300C7917B /* FontService.swift */ = {isa = PBXFileReference; fileEncoding = 4; lastKnownFileType = sourcecode.swift; path = FontService.swift; sourceTree = "<group>"; };
		30964F271F1116400096B0EF /* FTN65.otf */ = {isa = PBXFileReference; lastKnownFileType = file; path = FTN65.otf; sourceTree = "<group>"; };
		30964F291F1119150096B0EF /* F-A.mp3 */ = {isa = PBXFileReference; lastKnownFileType = audio.mp3; path = "F-A.mp3"; sourceTree = "<group>"; };
		30964F2A1F1119150096B0EF /* F-B.mp3 */ = {isa = PBXFileReference; lastKnownFileType = audio.mp3; path = "F-B.mp3"; sourceTree = "<group>"; };
		30964F2B1F1119150096B0EF /* F-C.mp3 */ = {isa = PBXFileReference; lastKnownFileType = audio.mp3; path = "F-C.mp3"; sourceTree = "<group>"; };
		30964F2C1F1119150096B0EF /* F-D.mp3 */ = {isa = PBXFileReference; lastKnownFileType = audio.mp3; path = "F-D.mp3"; sourceTree = "<group>"; };
		30964F2D1F1119150096B0EF /* F-E.mp3 */ = {isa = PBXFileReference; lastKnownFileType = audio.mp3; path = "F-E.mp3"; sourceTree = "<group>"; };
		30964F2E1F1119150096B0EF /* F-F.mp3 */ = {isa = PBXFileReference; lastKnownFileType = audio.mp3; path = "F-F.mp3"; sourceTree = "<group>"; };
		30964F2F1F1119150096B0EF /* F-G.mp3 */ = {isa = PBXFileReference; lastKnownFileType = audio.mp3; path = "F-G.mp3"; sourceTree = "<group>"; };
		30964F301F1119150096B0EF /* F-H.mp3 */ = {isa = PBXFileReference; lastKnownFileType = audio.mp3; path = "F-H.mp3"; sourceTree = "<group>"; };
		30964F311F1119150096B0EF /* F-I.mp3 */ = {isa = PBXFileReference; lastKnownFileType = audio.mp3; path = "F-I.mp3"; sourceTree = "<group>"; };
		30964F321F1119150096B0EF /* F-J.mp3 */ = {isa = PBXFileReference; lastKnownFileType = audio.mp3; path = "F-J.mp3"; sourceTree = "<group>"; };
		30964F331F1119150096B0EF /* F-K.mp3 */ = {isa = PBXFileReference; lastKnownFileType = audio.mp3; path = "F-K.mp3"; sourceTree = "<group>"; };
		30964F341F1119150096B0EF /* F-L.mp3 */ = {isa = PBXFileReference; lastKnownFileType = audio.mp3; path = "F-L.mp3"; sourceTree = "<group>"; };
		30964F351F1119150096B0EF /* F-M.mp3 */ = {isa = PBXFileReference; lastKnownFileType = audio.mp3; path = "F-M.mp3"; sourceTree = "<group>"; };
		30964F361F1119150096B0EF /* F-N.mp3 */ = {isa = PBXFileReference; lastKnownFileType = audio.mp3; path = "F-N.mp3"; sourceTree = "<group>"; };
		30964F371F1119150096B0EF /* F-O.mp3 */ = {isa = PBXFileReference; lastKnownFileType = audio.mp3; path = "F-O.mp3"; sourceTree = "<group>"; };
		30964F381F1119150096B0EF /* F-P.mp3 */ = {isa = PBXFileReference; lastKnownFileType = audio.mp3; path = "F-P.mp3"; sourceTree = "<group>"; };
		30964F391F1119150096B0EF /* F-Q.mp3 */ = {isa = PBXFileReference; lastKnownFileType = audio.mp3; path = "F-Q.mp3"; sourceTree = "<group>"; };
		30964F3A1F1119150096B0EF /* F-R.mp3 */ = {isa = PBXFileReference; lastKnownFileType = audio.mp3; path = "F-R.mp3"; sourceTree = "<group>"; };
		30964F3B1F1119150096B0EF /* F-S.mp3 */ = {isa = PBXFileReference; lastKnownFileType = audio.mp3; path = "F-S.mp3"; sourceTree = "<group>"; };
		30964F3C1F1119150096B0EF /* F-T.mp3 */ = {isa = PBXFileReference; lastKnownFileType = audio.mp3; path = "F-T.mp3"; sourceTree = "<group>"; };
		30964F3D1F1119150096B0EF /* F-U.mp3 */ = {isa = PBXFileReference; lastKnownFileType = audio.mp3; path = "F-U.mp3"; sourceTree = "<group>"; };
		30964F3E1F1119150096B0EF /* F-V.mp3 */ = {isa = PBXFileReference; lastKnownFileType = audio.mp3; path = "F-V.mp3"; sourceTree = "<group>"; };
		30964F3F1F1119150096B0EF /* F-W.mp3 */ = {isa = PBXFileReference; lastKnownFileType = audio.mp3; path = "F-W.mp3"; sourceTree = "<group>"; };
		30964F401F1119150096B0EF /* F-X.mp3 */ = {isa = PBXFileReference; lastKnownFileType = audio.mp3; path = "F-X.mp3"; sourceTree = "<group>"; };
		30964F411F1119150096B0EF /* F-Y.mp3 */ = {isa = PBXFileReference; lastKnownFileType = audio.mp3; path = "F-Y.mp3"; sourceTree = "<group>"; };
		30964F421F1119150096B0EF /* F-Z.mp3 */ = {isa = PBXFileReference; lastKnownFileType = audio.mp3; path = "F-Z.mp3"; sourceTree = "<group>"; };
		30964F431F1119150096B0EF /* KID2-A.mp3 */ = {isa = PBXFileReference; lastKnownFileType = audio.mp3; path = "KID2-A.mp3"; sourceTree = "<group>"; };
		30964F441F1119150096B0EF /* KID2-B.mp3 */ = {isa = PBXFileReference; lastKnownFileType = audio.mp3; path = "KID2-B.mp3"; sourceTree = "<group>"; };
		30964F451F1119150096B0EF /* KID2-C.mp3 */ = {isa = PBXFileReference; lastKnownFileType = audio.mp3; path = "KID2-C.mp3"; sourceTree = "<group>"; };
		30964F461F1119150096B0EF /* KID2-D.mp3 */ = {isa = PBXFileReference; lastKnownFileType = audio.mp3; path = "KID2-D.mp3"; sourceTree = "<group>"; };
		30964F471F1119150096B0EF /* KID2-E.mp3 */ = {isa = PBXFileReference; lastKnownFileType = audio.mp3; path = "KID2-E.mp3"; sourceTree = "<group>"; };
		30964F481F1119150096B0EF /* KID2-F.mp3 */ = {isa = PBXFileReference; lastKnownFileType = audio.mp3; path = "KID2-F.mp3"; sourceTree = "<group>"; };
		30964F491F1119150096B0EF /* KID2-G.mp3 */ = {isa = PBXFileReference; lastKnownFileType = audio.mp3; path = "KID2-G.mp3"; sourceTree = "<group>"; };
		30964F4A1F1119150096B0EF /* KID2-H.mp3 */ = {isa = PBXFileReference; lastKnownFileType = audio.mp3; path = "KID2-H.mp3"; sourceTree = "<group>"; };
		30964F4B1F1119150096B0EF /* KID2-I.mp3 */ = {isa = PBXFileReference; lastKnownFileType = audio.mp3; path = "KID2-I.mp3"; sourceTree = "<group>"; };
		30964F4C1F1119150096B0EF /* KID2-J.mp3 */ = {isa = PBXFileReference; lastKnownFileType = audio.mp3; path = "KID2-J.mp3"; sourceTree = "<group>"; };
		30964F4D1F1119150096B0EF /* KID2-K.mp3 */ = {isa = PBXFileReference; lastKnownFileType = audio.mp3; path = "KID2-K.mp3"; sourceTree = "<group>"; };
		30964F4E1F1119150096B0EF /* KID2-L.mp3 */ = {isa = PBXFileReference; lastKnownFileType = audio.mp3; path = "KID2-L.mp3"; sourceTree = "<group>"; };
		30964F4F1F1119150096B0EF /* KID2-M.mp3 */ = {isa = PBXFileReference; lastKnownFileType = audio.mp3; path = "KID2-M.mp3"; sourceTree = "<group>"; };
		30964F501F1119150096B0EF /* KID2-N.mp3 */ = {isa = PBXFileReference; lastKnownFileType = audio.mp3; path = "KID2-N.mp3"; sourceTree = "<group>"; };
		30964F511F1119150096B0EF /* KID2-O.mp3 */ = {isa = PBXFileReference; lastKnownFileType = audio.mp3; path = "KID2-O.mp3"; sourceTree = "<group>"; };
		30964F521F1119150096B0EF /* KID2-P.mp3 */ = {isa = PBXFileReference; lastKnownFileType = audio.mp3; path = "KID2-P.mp3"; sourceTree = "<group>"; };
		30964F531F1119150096B0EF /* KID2-Q.mp3 */ = {isa = PBXFileReference; lastKnownFileType = audio.mp3; path = "KID2-Q.mp3"; sourceTree = "<group>"; };
		30964F541F1119150096B0EF /* KID2-R.mp3 */ = {isa = PBXFileReference; lastKnownFileType = audio.mp3; path = "KID2-R.mp3"; sourceTree = "<group>"; };
		30964F551F1119150096B0EF /* KID2-S.mp3 */ = {isa = PBXFileReference; lastKnownFileType = audio.mp3; path = "KID2-S.mp3"; sourceTree = "<group>"; };
		30964F561F1119150096B0EF /* KID2-T.mp3 */ = {isa = PBXFileReference; lastKnownFileType = audio.mp3; path = "KID2-T.mp3"; sourceTree = "<group>"; };
		30964F571F1119150096B0EF /* KID2-U.mp3 */ = {isa = PBXFileReference; lastKnownFileType = audio.mp3; path = "KID2-U.mp3"; sourceTree = "<group>"; };
		30964F581F1119150096B0EF /* KID2-V.mp3 */ = {isa = PBXFileReference; lastKnownFileType = audio.mp3; path = "KID2-V.mp3"; sourceTree = "<group>"; };
		30964F591F1119150096B0EF /* KID2-W.mp3 */ = {isa = PBXFileReference; lastKnownFileType = audio.mp3; path = "KID2-W.mp3"; sourceTree = "<group>"; };
		30964F5A1F1119150096B0EF /* KID2-X.mp3 */ = {isa = PBXFileReference; lastKnownFileType = audio.mp3; path = "KID2-X.mp3"; sourceTree = "<group>"; };
		30964F5B1F1119150096B0EF /* KID2-Y.mp3 */ = {isa = PBXFileReference; lastKnownFileType = audio.mp3; path = "KID2-Y.mp3"; sourceTree = "<group>"; };
		30964F5C1F1119150096B0EF /* KID2-Z.mp3 */ = {isa = PBXFileReference; lastKnownFileType = audio.mp3; path = "KID2-Z.mp3"; sourceTree = "<group>"; };
		30964F5D1F1119150096B0EF /* M-A.mp3 */ = {isa = PBXFileReference; lastKnownFileType = audio.mp3; path = "M-A.mp3"; sourceTree = "<group>"; };
		30964F5E1F1119150096B0EF /* M-B.mp3 */ = {isa = PBXFileReference; lastKnownFileType = audio.mp3; path = "M-B.mp3"; sourceTree = "<group>"; };
		30964F5F1F1119150096B0EF /* M-C.mp3 */ = {isa = PBXFileReference; lastKnownFileType = audio.mp3; path = "M-C.mp3"; sourceTree = "<group>"; };
		30964F601F1119150096B0EF /* M-D.mp3 */ = {isa = PBXFileReference; lastKnownFileType = audio.mp3; path = "M-D.mp3"; sourceTree = "<group>"; };
		30964F611F1119150096B0EF /* M-E.mp3 */ = {isa = PBXFileReference; lastKnownFileType = audio.mp3; path = "M-E.mp3"; sourceTree = "<group>"; };
		30964F621F1119150096B0EF /* M-F.mp3 */ = {isa = PBXFileReference; lastKnownFileType = audio.mp3; path = "M-F.mp3"; sourceTree = "<group>"; };
		30964F631F1119150096B0EF /* M-G.mp3 */ = {isa = PBXFileReference; lastKnownFileType = audio.mp3; path = "M-G.mp3"; sourceTree = "<group>"; };
		30964F641F1119150096B0EF /* M-H.mp3 */ = {isa = PBXFileReference; lastKnownFileType = audio.mp3; path = "M-H.mp3"; sourceTree = "<group>"; };
		30964F651F1119150096B0EF /* M-I.mp3 */ = {isa = PBXFileReference; lastKnownFileType = audio.mp3; path = "M-I.mp3"; sourceTree = "<group>"; };
		30964F661F1119150096B0EF /* M-J.mp3 */ = {isa = PBXFileReference; lastKnownFileType = audio.mp3; path = "M-J.mp3"; sourceTree = "<group>"; };
		30964F671F1119150096B0EF /* M-K.mp3 */ = {isa = PBXFileReference; lastKnownFileType = audio.mp3; path = "M-K.mp3"; sourceTree = "<group>"; };
		30964F681F1119150096B0EF /* M-L.mp3 */ = {isa = PBXFileReference; lastKnownFileType = audio.mp3; path = "M-L.mp3"; sourceTree = "<group>"; };
		30964F691F1119150096B0EF /* M-M.mp3 */ = {isa = PBXFileReference; lastKnownFileType = audio.mp3; path = "M-M.mp3"; sourceTree = "<group>"; };
		30964F6A1F1119150096B0EF /* M-N.mp3 */ = {isa = PBXFileReference; lastKnownFileType = audio.mp3; path = "M-N.mp3"; sourceTree = "<group>"; };
		30964F6B1F1119150096B0EF /* M-O.mp3 */ = {isa = PBXFileReference; lastKnownFileType = audio.mp3; path = "M-O.mp3"; sourceTree = "<group>"; };
		30964F6C1F1119150096B0EF /* M-P.mp3 */ = {isa = PBXFileReference; lastKnownFileType = audio.mp3; path = "M-P.mp3"; sourceTree = "<group>"; };
		30964F6D1F1119150096B0EF /* M-Q.mp3 */ = {isa = PBXFileReference; lastKnownFileType = audio.mp3; path = "M-Q.mp3"; sourceTree = "<group>"; };
		30964F6E1F1119150096B0EF /* M-R.mp3 */ = {isa = PBXFileReference; lastKnownFileType = audio.mp3; path = "M-R.mp3"; sourceTree = "<group>"; };
		30964F6F1F1119150096B0EF /* M-S.mp3 */ = {isa = PBXFileReference; lastKnownFileType = audio.mp3; path = "M-S.mp3"; sourceTree = "<group>"; };
		30964F701F1119150096B0EF /* M-T.mp3 */ = {isa = PBXFileReference; lastKnownFileType = audio.mp3; path = "M-T.mp3"; sourceTree = "<group>"; };
		30964F711F1119150096B0EF /* M-U.mp3 */ = {isa = PBXFileReference; lastKnownFileType = audio.mp3; path = "M-U.mp3"; sourceTree = "<group>"; };
		30964F721F1119150096B0EF /* M-V.mp3 */ = {isa = PBXFileReference; lastKnownFileType = audio.mp3; path = "M-V.mp3"; sourceTree = "<group>"; };
		30964F731F1119150096B0EF /* M-W.mp3 */ = {isa = PBXFileReference; lastKnownFileType = audio.mp3; path = "M-W.mp3"; sourceTree = "<group>"; };
		30964F741F1119150096B0EF /* M-X.mp3 */ = {isa = PBXFileReference; lastKnownFileType = audio.mp3; path = "M-X.mp3"; sourceTree = "<group>"; };
		30964F751F1119150096B0EF /* M-Y.mp3 */ = {isa = PBXFileReference; lastKnownFileType = audio.mp3; path = "M-Y.mp3"; sourceTree = "<group>"; };
		30964F761F1119150096B0EF /* M-Z.mp3 */ = {isa = PBXFileReference; lastKnownFileType = audio.mp3; path = "M-Z.mp3"; sourceTree = "<group>"; };
		30964FC51F111A5C0096B0EF /* SymbolButton.swift */ = {isa = PBXFileReference; fileEncoding = 4; lastKnownFileType = sourcecode.swift; path = SymbolButton.swift; sourceTree = "<group>"; };
		30A460F61F1E7CB300E05B7B /* dzin.wav */ = {isa = PBXFileReference; lastKnownFileType = audio.wav; path = dzin.wav; sourceTree = "<group>"; };
		30DD52841F5A9E2E00C02E75 /* AnimationView.swift */ = {isa = PBXFileReference; fileEncoding = 4; lastKnownFileType = sourcecode.swift; path = AnimationView.swift; sourceTree = "<group>"; };
		98E79E99E323A0C95A90D411 /* Pods_Otadoya.framework */ = {isa = PBXFileReference; explicitFileType = wrapper.framework; includeInIndex = 0; path = Pods_Otadoya.framework; sourceTree = BUILT_PRODUCTS_DIR; };
		C439702BFEDF5ABC1EB3B7FA /* Pods-Otadoya.release.xcconfig */ = {isa = PBXFileReference; includeInIndex = 1; lastKnownFileType = text.xcconfig; name = "Pods-Otadoya.release.xcconfig"; path = "Pods/Target Support Files/Pods-Otadoya/Pods-Otadoya.release.xcconfig"; sourceTree = "<group>"; };
		FD2921791E30ED8C0042C052 /* Otadoya.app */ = {isa = PBXFileReference; explicitFileType = wrapper.application; includeInIndex = 0; path = Otadoya.app; sourceTree = BUILT_PRODUCTS_DIR; };
		FD29217C1E30ED8C0042C052 /* AppDelegate.swift */ = {isa = PBXFileReference; lastKnownFileType = sourcecode.swift; path = AppDelegate.swift; sourceTree = "<group>"; };
		FD2921831E30ED8C0042C052 /* Assets.xcassets */ = {isa = PBXFileReference; lastKnownFileType = folder.assetcatalog; path = Assets.xcassets; sourceTree = "<group>"; };
		FD2921881E30ED8C0042C052 /* Info.plist */ = {isa = PBXFileReference; lastKnownFileType = text.plist.xml; path = Info.plist; sourceTree = "<group>"; };
		FDE98BF11E3238E7007D39F6 /* Transition.swift */ = {isa = PBXFileReference; fileEncoding = 4; lastKnownFileType = sourcecode.swift; path = Transition.swift; sourceTree = "<group>"; };
/* End PBXFileReference section */

/* Begin PBXFrameworksBuildPhase section */
		FD2921761E30ED8B0042C052 /* Frameworks */ = {
			isa = PBXFrameworksBuildPhase;
			buildActionMask = 2147483647;
			files = (
				51DD9382621C678EB32B9224 /* Pods_Otadoya.framework in Frameworks */,
			);
			runOnlyForDeploymentPostprocessing = 0;
		};
/* End PBXFrameworksBuildPhase section */

/* Begin PBXGroup section */
		30288B941E34F8C70057AF6D /* Utils */ = {
			isa = PBXGroup;
			children = (
				30288BA51E350B4F0057AF6D /* UIFont+Transit.swift */,
				30288B9F1E34FC0D0057AF6D /* UIViewController+Additions.swift */,
				30288B951E34F9050057AF6D /* UIColor+Custom.swift */,
				303582971EEC48A600C7917B /* ColorService.swift */,
				303582991EEC4C0D00C7917B /* AudioService.swift */,
				3035829B1EEC67C300C7917B /* FontService.swift */,
			);
			name = Utils;
			sourceTree = "<group>";
		};
		30288B971E34F9690057AF6D /* Supported Files */ = {
			isa = PBXGroup;
			children = (
				30288B991E34F98A0057AF6D /* Font */,
				30288B981E34F97E0057AF6D /* Sounds */,
				FD2921881E30ED8C0042C052 /* Info.plist */,
				FD2921831E30ED8C0042C052 /* Assets.xcassets */,
				302CA6C81E36181300EFB35C /* Launch Screen.storyboard */,
			);
			name = "Supported Files";
			sourceTree = "<group>";
		};
		30288B981E34F97E0057AF6D /* Sounds */ = {
			isa = PBXGroup;
			children = (
				30E599F41EED4E520028099C /* English */,
				302CA6C41E3613F600EFB35C /* woosh.wav */,
				30A460F61F1E7CB300E05B7B /* dzin.wav */,
				30288B8F1E34F6BC0057AF6D /* spring.wav */,
			);
			name = Sounds;
			sourceTree = "<group>";
		};
		30288B991E34F98A0057AF6D /* Font */ = {
			isa = PBXGroup;
			children = (
				30964F271F1116400096B0EF /* FTN65.otf */,
				30288B901E34F6BC0057AF6D /* WoodkitPrintPro-Letterpress.ttf */,
			);
			name = Font;
			sourceTree = "<group>";
		};
		30288B9E1E34FBB40057AF6D /* Views */ = {
			isa = PBXGroup;
			children = (
				30288BA11E3505110057AF6D /* Symbol */,
				30288B9C1E34FBA90057AF6D /* RootVC.swift */,
			);
			name = Views;
			sourceTree = "<group>";
		};
		30288BA11E3505110057AF6D /* Symbol */ = {
			isa = PBXGroup;
			children = (
				30288BA21E35051C0057AF6D /* Cell */,
				30288B9A1E34FB9F0057AF6D /* SymbolsVC.swift */,
				303582951EEC474000C7917B /* SymbolsVM.swift */,
			);
			name = Symbol;
			sourceTree = "<group>";
		};
		30288BA21E35051C0057AF6D /* Cell */ = {
			isa = PBXGroup;
			children = (
				30288BA31E3505270057AF6D /* SymbolCell.swift */,
				302CA6C21E3610CC00EFB35C /* SymbolView.swift */,
				30964FC51F111A5C0096B0EF /* SymbolButton.swift */,
				30DD52841F5A9E2E00C02E75 /* AnimationView.swift */,
				303582931EEC44AC00C7917B /* SymbolVM.swift */,
			);
			name = Cell;
			sourceTree = "<group>";
		};
		30E599F41EED4E520028099C /* English */ = {
			isa = PBXGroup;
			children = (
				30964F291F1119150096B0EF /* F-A.mp3 */,
				30964F2A1F1119150096B0EF /* F-B.mp3 */,
				30964F2B1F1119150096B0EF /* F-C.mp3 */,
				30964F2C1F1119150096B0EF /* F-D.mp3 */,
				30964F2D1F1119150096B0EF /* F-E.mp3 */,
				30964F2E1F1119150096B0EF /* F-F.mp3 */,
				30964F2F1F1119150096B0EF /* F-G.mp3 */,
				30964F301F1119150096B0EF /* F-H.mp3 */,
				30964F311F1119150096B0EF /* F-I.mp3 */,
				30964F321F1119150096B0EF /* F-J.mp3 */,
				30964F331F1119150096B0EF /* F-K.mp3 */,
				30964F341F1119150096B0EF /* F-L.mp3 */,
				30964F351F1119150096B0EF /* F-M.mp3 */,
				30964F361F1119150096B0EF /* F-N.mp3 */,
				30964F371F1119150096B0EF /* F-O.mp3 */,
				30964F381F1119150096B0EF /* F-P.mp3 */,
				30964F391F1119150096B0EF /* F-Q.mp3 */,
				30964F3A1F1119150096B0EF /* F-R.mp3 */,
				30964F3B1F1119150096B0EF /* F-S.mp3 */,
				30964F3C1F1119150096B0EF /* F-T.mp3 */,
				30964F3D1F1119150096B0EF /* F-U.mp3 */,
				30964F3E1F1119150096B0EF /* F-V.mp3 */,
				30964F3F1F1119150096B0EF /* F-W.mp3 */,
				30964F401F1119150096B0EF /* F-X.mp3 */,
				30964F411F1119150096B0EF /* F-Y.mp3 */,
				30964F421F1119150096B0EF /* F-Z.mp3 */,
				30964F431F1119150096B0EF /* KID2-A.mp3 */,
				30964F441F1119150096B0EF /* KID2-B.mp3 */,
				30964F451F1119150096B0EF /* KID2-C.mp3 */,
				30964F461F1119150096B0EF /* KID2-D.mp3 */,
				30964F471F1119150096B0EF /* KID2-E.mp3 */,
				30964F481F1119150096B0EF /* KID2-F.mp3 */,
				30964F491F1119150096B0EF /* KID2-G.mp3 */,
				30964F4A1F1119150096B0EF /* KID2-H.mp3 */,
				30964F4B1F1119150096B0EF /* KID2-I.mp3 */,
				30964F4C1F1119150096B0EF /* KID2-J.mp3 */,
				30964F4D1F1119150096B0EF /* KID2-K.mp3 */,
				30964F4E1F1119150096B0EF /* KID2-L.mp3 */,
				30964F4F1F1119150096B0EF /* KID2-M.mp3 */,
				30964F501F1119150096B0EF /* KID2-N.mp3 */,
				30964F511F1119150096B0EF /* KID2-O.mp3 */,
				30964F521F1119150096B0EF /* KID2-P.mp3 */,
				30964F531F1119150096B0EF /* KID2-Q.mp3 */,
				30964F541F1119150096B0EF /* KID2-R.mp3 */,
				30964F551F1119150096B0EF /* KID2-S.mp3 */,
				30964F561F1119150096B0EF /* KID2-T.mp3 */,
				30964F571F1119150096B0EF /* KID2-U.mp3 */,
				30964F581F1119150096B0EF /* KID2-V.mp3 */,
				30964F591F1119150096B0EF /* KID2-W.mp3 */,
				30964F5A1F1119150096B0EF /* KID2-X.mp3 */,
				30964F5B1F1119150096B0EF /* KID2-Y.mp3 */,
				30964F5C1F1119150096B0EF /* KID2-Z.mp3 */,
				30964F5D1F1119150096B0EF /* M-A.mp3 */,
				30964F5E1F1119150096B0EF /* M-B.mp3 */,
				30964F5F1F1119150096B0EF /* M-C.mp3 */,
				30964F601F1119150096B0EF /* M-D.mp3 */,
				30964F611F1119150096B0EF /* M-E.mp3 */,
				30964F621F1119150096B0EF /* M-F.mp3 */,
				30964F631F1119150096B0EF /* M-G.mp3 */,
				30964F641F1119150096B0EF /* M-H.mp3 */,
				30964F651F1119150096B0EF /* M-I.mp3 */,
				30964F661F1119150096B0EF /* M-J.mp3 */,
				30964F671F1119150096B0EF /* M-K.mp3 */,
				30964F681F1119150096B0EF /* M-L.mp3 */,
				30964F691F1119150096B0EF /* M-M.mp3 */,
				30964F6A1F1119150096B0EF /* M-N.mp3 */,
				30964F6B1F1119150096B0EF /* M-O.mp3 */,
				30964F6C1F1119150096B0EF /* M-P.mp3 */,
				30964F6D1F1119150096B0EF /* M-Q.mp3 */,
				30964F6E1F1119150096B0EF /* M-R.mp3 */,
				30964F6F1F1119150096B0EF /* M-S.mp3 */,
				30964F701F1119150096B0EF /* M-T.mp3 */,
				30964F711F1119150096B0EF /* M-U.mp3 */,
				30964F721F1119150096B0EF /* M-V.mp3 */,
				30964F731F1119150096B0EF /* M-W.mp3 */,
				30964F741F1119150096B0EF /* M-X.mp3 */,
				30964F751F1119150096B0EF /* M-Y.mp3 */,
				30964F761F1119150096B0EF /* M-Z.mp3 */,
			);
			name = English;
			sourceTree = "<group>";
		};
		C0174EE0C9CAD435D4A5190B /* Pods */ = {
			isa = PBXGroup;
			children = (
				03246159523A5271C3ABBABB /* Pods-Otadoya.debug.xcconfig */,
				C439702BFEDF5ABC1EB3B7FA /* Pods-Otadoya.release.xcconfig */,
			);
			name = Pods;
			sourceTree = "<group>";
		};
		E971C56C12567B4EC709FF98 /* Frameworks */ = {
			isa = PBXGroup;
			children = (
				98E79E99E323A0C95A90D411 /* Pods_Otadoya.framework */,
			);
			name = Frameworks;
			sourceTree = "<group>";
		};
		FD2921701E30ED8B0042C052 = {
			isa = PBXGroup;
			children = (
				FD29217B1E30ED8C0042C052 /* Otadoya */,
				FD29217A1E30ED8C0042C052 /* Products */,
				C0174EE0C9CAD435D4A5190B /* Pods */,
				E971C56C12567B4EC709FF98 /* Frameworks */,
			);
			sourceTree = "<group>";
		};
		FD29217A1E30ED8C0042C052 /* Products */ = {
			isa = PBXGroup;
			children = (
				FD2921791E30ED8C0042C052 /* Otadoya.app */,
			);
			name = Products;
			sourceTree = "<group>";
		};
		FD29217B1E30ED8C0042C052 /* Otadoya */ = {
			isa = PBXGroup;
			children = (
				30288B9E1E34FBB40057AF6D /* Views */,
				30288B941E34F8C70057AF6D /* Utils */,
				30288B971E34F9690057AF6D /* Supported Files */,
				FD29217C1E30ED8C0042C052 /* AppDelegate.swift */,
				FDE98BF11E3238E7007D39F6 /* Transition.swift */,
			);
			path = Otadoya;
			sourceTree = "<group>";
		};
/* End PBXGroup section */

/* Begin PBXNativeTarget section */
		FD2921781E30ED8B0042C052 /* Otadoya */ = {
			isa = PBXNativeTarget;
			buildConfigurationList = FD2921A11E30ED8C0042C052 /* Build configuration list for PBXNativeTarget "Otadoya" */;
			buildPhases = (
				B9C59CF7A5088EE2D434C7C4 /* [CP] Check Pods Manifest.lock */,
				FD2921751E30ED8B0042C052 /* Sources */,
				FD2921761E30ED8B0042C052 /* Frameworks */,
				FD2921771E30ED8B0042C052 /* Resources */,
				30DD0A74342E8EAF6F27FA70 /* [CP] Embed Pods Frameworks */,
				DCB4D4FBAF5083BD9F73D48A /* [CP] Copy Pods Resources */,
			);
			buildRules = (
			);
			dependencies = (
			);
			name = Otadoya;
			productName = Otadoya;
			productReference = FD2921791E30ED8C0042C052 /* Otadoya.app */;
			productType = "com.apple.product-type.application";
		};
/* End PBXNativeTarget section */

/* Begin PBXProject section */
		FD2921711E30ED8B0042C052 /* Project object */ = {
			isa = PBXProject;
			attributes = {
				LastSwiftUpdateCheck = 0820;
				LastUpgradeCheck = 0820;
				ORGANIZATIONNAME = "Dmitry Pilikov";
				TargetAttributes = {
					FD2921781E30ED8B0042C052 = {
						CreatedOnToolsVersion = 8.2.1;
						DevelopmentTeam = HJ648XXPWE;
						ProvisioningStyle = Automatic;
					};
				};
			};
			buildConfigurationList = FD2921741E30ED8B0042C052 /* Build configuration list for PBXProject "Otadoya" */;
			compatibilityVersion = "Xcode 3.2";
			developmentRegion = English;
			hasScannedForEncodings = 0;
			knownRegions = (
				en,
				Base,
			);
			mainGroup = FD2921701E30ED8B0042C052;
			productRefGroup = FD29217A1E30ED8C0042C052 /* Products */;
			projectDirPath = "";
			projectRoot = "";
			targets = (
				FD2921781E30ED8B0042C052 /* Otadoya */,
			);
		};
/* End PBXProject section */

/* Begin PBXResourcesBuildPhase section */
		FD2921771E30ED8B0042C052 /* Resources */ = {
			isa = PBXResourcesBuildPhase;
			buildActionMask = 2147483647;
			files = (
				30964F931F1119150096B0EF /* KID2-C.mp3 in Resources */,
				30964FAA1F1119150096B0EF /* KID2-Z.mp3 in Resources */,
				30288B921E34F6BC0057AF6D /* spring.wav in Resources */,
				30964F811F1119150096B0EF /* F-K.mp3 in Resources */,
				30964F911F1119150096B0EF /* KID2-A.mp3 in Resources */,
				30A460F71F1E7CB300E05B7B /* dzin.wav in Resources */,
				30964FB01F1119150096B0EF /* M-F.mp3 in Resources */,
				30964F9F1F1119150096B0EF /* KID2-O.mp3 in Resources */,
				30964FB61F1119150096B0EF /* M-L.mp3 in Resources */,
				30964F8A1F1119150096B0EF /* F-T.mp3 in Resources */,
				30964F281F1116400096B0EF /* FTN65.otf in Resources */,
				30964FA81F1119150096B0EF /* KID2-X.mp3 in Resources */,
				30964FBA1F1119150096B0EF /* M-P.mp3 in Resources */,
				30964FBB1F1119150096B0EF /* M-Q.mp3 in Resources */,
				30964FA11F1119150096B0EF /* KID2-Q.mp3 in Resources */,
				30964F801F1119150096B0EF /* F-J.mp3 in Resources */,
				30964F9B1F1119150096B0EF /* KID2-K.mp3 in Resources */,
				30964F961F1119150096B0EF /* KID2-F.mp3 in Resources */,
				30964FA41F1119150096B0EF /* KID2-T.mp3 in Resources */,
				30964FB21F1119150096B0EF /* M-H.mp3 in Resources */,
				30964FAB1F1119150096B0EF /* M-A.mp3 in Resources */,
				30964FAD1F1119150096B0EF /* M-C.mp3 in Resources */,
				30964FC41F1119150096B0EF /* M-Z.mp3 in Resources */,
				30964FBE1F1119150096B0EF /* M-T.mp3 in Resources */,
				30964F7D1F1119150096B0EF /* F-G.mp3 in Resources */,
				30964F7F1F1119150096B0EF /* F-I.mp3 in Resources */,
				30964FB81F1119150096B0EF /* M-N.mp3 in Resources */,
				30964F991F1119150096B0EF /* KID2-I.mp3 in Resources */,
				30964F781F1119150096B0EF /* F-B.mp3 in Resources */,
				30964F971F1119150096B0EF /* KID2-G.mp3 in Resources */,
				30964FAF1F1119150096B0EF /* M-E.mp3 in Resources */,
				30964FB71F1119150096B0EF /* M-M.mp3 in Resources */,
				30964F7E1F1119150096B0EF /* F-H.mp3 in Resources */,
				30964FB31F1119150096B0EF /* M-I.mp3 in Resources */,
				30964FA51F1119150096B0EF /* KID2-U.mp3 in Resources */,
				30964FAE1F1119150096B0EF /* M-D.mp3 in Resources */,
				30964F791F1119150096B0EF /* F-C.mp3 in Resources */,
				FD2921841E30ED8C0042C052 /* Assets.xcassets in Resources */,
				30964F981F1119150096B0EF /* KID2-H.mp3 in Resources */,
				30964FC01F1119150096B0EF /* M-V.mp3 in Resources */,
				30964F7B1F1119150096B0EF /* F-E.mp3 in Resources */,
				30964FC11F1119150096B0EF /* M-W.mp3 in Resources */,
				30964F921F1119150096B0EF /* KID2-B.mp3 in Resources */,
				30964FB91F1119150096B0EF /* M-O.mp3 in Resources */,
				30964FB51F1119150096B0EF /* M-K.mp3 in Resources */,
				30964F7C1F1119150096B0EF /* F-F.mp3 in Resources */,
				30964FA91F1119150096B0EF /* KID2-Y.mp3 in Resources */,
				30964F821F1119150096B0EF /* F-L.mp3 in Resources */,
				30964F8F1F1119150096B0EF /* F-Y.mp3 in Resources */,
				30964FB41F1119150096B0EF /* M-J.mp3 in Resources */,
				30964FA21F1119150096B0EF /* KID2-R.mp3 in Resources */,
				30964FBF1F1119150096B0EF /* M-U.mp3 in Resources */,
				30288B931E34F6BC0057AF6D /* WoodkitPrintPro-Letterpress.ttf in Resources */,
				30964F951F1119150096B0EF /* KID2-E.mp3 in Resources */,
				30964F831F1119150096B0EF /* F-M.mp3 in Resources */,
				30964FC31F1119150096B0EF /* M-Y.mp3 in Resources */,
				30964F771F1119150096B0EF /* F-A.mp3 in Resources */,
				30964F901F1119150096B0EF /* F-Z.mp3 in Resources */,
				30964F8D1F1119150096B0EF /* F-W.mp3 in Resources */,
				30964F8E1F1119150096B0EF /* F-X.mp3 in Resources */,
				30964FA71F1119150096B0EF /* KID2-W.mp3 in Resources */,
				30964FA61F1119150096B0EF /* KID2-V.mp3 in Resources */,
				30964F861F1119150096B0EF /* F-P.mp3 in Resources */,
				30964F8C1F1119150096B0EF /* F-V.mp3 in Resources */,
				30964FB11F1119150096B0EF /* M-G.mp3 in Resources */,
				302CA6C51E3613F600EFB35C /* woosh.wav in Resources */,
				30964F881F1119150096B0EF /* F-R.mp3 in Resources */,
				30964F7A1F1119150096B0EF /* F-D.mp3 in Resources */,
				30964FC21F1119150096B0EF /* M-X.mp3 in Resources */,
				30964FBC1F1119150096B0EF /* M-R.mp3 in Resources */,
				30964F9D1F1119150096B0EF /* KID2-M.mp3 in Resources */,
				30964F9C1F1119150096B0EF /* KID2-L.mp3 in Resources */,
				30964F8B1F1119150096B0EF /* F-U.mp3 in Resources */,
				30964F9A1F1119150096B0EF /* KID2-J.mp3 in Resources */,
				30964F851F1119150096B0EF /* F-O.mp3 in Resources */,
				30964F871F1119150096B0EF /* F-Q.mp3 in Resources */,
				30964F841F1119150096B0EF /* F-N.mp3 in Resources */,
				30964F891F1119150096B0EF /* F-S.mp3 in Resources */,
				30964FBD1F1119150096B0EF /* M-S.mp3 in Resources */,
				302CA6C91E36181300EFB35C /* Launch Screen.storyboard in Resources */,
				30964FA31F1119150096B0EF /* KID2-S.mp3 in Resources */,
				30964F941F1119150096B0EF /* KID2-D.mp3 in Resources */,
				30964FAC1F1119150096B0EF /* M-B.mp3 in Resources */,
				30964F9E1F1119150096B0EF /* KID2-N.mp3 in Resources */,
				30964FA01F1119150096B0EF /* KID2-P.mp3 in Resources */,
			);
			runOnlyForDeploymentPostprocessing = 0;
		};
/* End PBXResourcesBuildPhase section */

/* Begin PBXShellScriptBuildPhase section */
		30DD0A74342E8EAF6F27FA70 /* [CP] Embed Pods Frameworks */ = {
			isa = PBXShellScriptBuildPhase;
			buildActionMask = 2147483647;
			files = (
			);
			inputPaths = (
			);
			name = "[CP] Embed Pods Frameworks";
			outputPaths = (
			);
			runOnlyForDeploymentPostprocessing = 0;
			shellPath = /bin/sh;
			shellScript = "\"${SRCROOT}/Pods/Target Support Files/Pods-Otadoya/Pods-Otadoya-frameworks.sh\"\n";
			showEnvVarsInLog = 0;
		};
		B9C59CF7A5088EE2D434C7C4 /* [CP] Check Pods Manifest.lock */ = {
			isa = PBXShellScriptBuildPhase;
			buildActionMask = 2147483647;
			files = (
			);
			inputPaths = (
			);
			name = "[CP] Check Pods Manifest.lock";
			outputPaths = (
			);
			runOnlyForDeploymentPostprocessing = 0;
			shellPath = /bin/sh;
			shellScript = "diff \"${PODS_PODFILE_DIR_PATH}/Podfile.lock\" \"${PODS_ROOT}/Manifest.lock\" > /dev/null\nif [ $? != 0 ] ; then\n    # print error to STDERR\n    echo \"error: The sandbox is not in sync with the Podfile.lock. Run 'pod install' or update your CocoaPods installation.\" >&2\n    exit 1\nfi\n";
			showEnvVarsInLog = 0;
		};
		DCB4D4FBAF5083BD9F73D48A /* [CP] Copy Pods Resources */ = {
			isa = PBXShellScriptBuildPhase;
			buildActionMask = 2147483647;
			files = (
			);
			inputPaths = (
			);
			name = "[CP] Copy Pods Resources";
			outputPaths = (
			);
			runOnlyForDeploymentPostprocessing = 0;
			shellPath = /bin/sh;
			shellScript = "\"${SRCROOT}/Pods/Target Support Files/Pods-Otadoya/Pods-Otadoya-resources.sh\"\n";
			showEnvVarsInLog = 0;
		};
/* End PBXShellScriptBuildPhase section */

/* Begin PBXSourcesBuildPhase section */
		FD2921751E30ED8B0042C052 /* Sources */ = {
			isa = PBXSourcesBuildPhase;
			buildActionMask = 2147483647;
			files = (
				3035829C1EEC67C300C7917B /* FontService.swift in Sources */,
				303582961EEC474000C7917B /* SymbolsVM.swift in Sources */,
				303582941EEC44AC00C7917B /* SymbolVM.swift in Sources */,
				30288B9D1E34FBA90057AF6D /* RootVC.swift in Sources */,
				30288BA41E3505270057AF6D /* SymbolCell.swift in Sources */,
				30288BA01E34FC0D0057AF6D /* UIViewController+Additions.swift in Sources */,
				302CA6C31E3610CC00EFB35C /* SymbolView.swift in Sources */,
				FDE98BF21E3238E7007D39F6 /* Transition.swift in Sources */,
				30288B961E34F9050057AF6D /* UIColor+Custom.swift in Sources */,
				30DD52851F5A9E2E00C02E75 /* AnimationView.swift in Sources */,
				3035829A1EEC4C0D00C7917B /* AudioService.swift in Sources */,
				30288BA61E350B4F0057AF6D /* UIFont+Transit.swift in Sources */,
				303582981EEC48A600C7917B /* ColorService.swift in Sources */,
				30288B9B1E34FB9F0057AF6D /* SymbolsVC.swift in Sources */,
				FD29217D1E30ED8C0042C052 /* AppDelegate.swift in Sources */,
				30964FC61F111A5C0096B0EF /* SymbolButton.swift in Sources */,
			);
			runOnlyForDeploymentPostprocessing = 0;
		};
/* End PBXSourcesBuildPhase section */

/* Begin XCBuildConfiguration section */
		FD29219F1E30ED8C0042C052 /* Debug */ = {
			isa = XCBuildConfiguration;
			buildSettings = {
				ALWAYS_SEARCH_USER_PATHS = NO;
				CLANG_ANALYZER_NONNULL = YES;
				CLANG_CXX_LANGUAGE_STANDARD = "gnu++0x";
				CLANG_CXX_LIBRARY = "libc++";
				CLANG_ENABLE_MODULES = YES;
				CLANG_ENABLE_OBJC_ARC = YES;
				CLANG_WARN_BOOL_CONVERSION = YES;
				CLANG_WARN_CONSTANT_CONVERSION = YES;
				CLANG_WARN_DIRECT_OBJC_ISA_USAGE = YES_ERROR;
				CLANG_WARN_DOCUMENTATION_COMMENTS = YES;
				CLANG_WARN_EMPTY_BODY = YES;
				CLANG_WARN_ENUM_CONVERSION = YES;
				CLANG_WARN_INFINITE_RECURSION = YES;
				CLANG_WARN_INT_CONVERSION = YES;
				CLANG_WARN_OBJC_ROOT_CLASS = YES_ERROR;
				CLANG_WARN_SUSPICIOUS_MOVE = YES;
				CLANG_WARN_UNREACHABLE_CODE = YES;
				CLANG_WARN__DUPLICATE_METHOD_MATCH = YES;
				"CODE_SIGN_IDENTITY[sdk=iphoneos*]" = "iPhone Developer";
				COPY_PHASE_STRIP = NO;
				DEBUG_INFORMATION_FORMAT = dwarf;
				ENABLE_STRICT_OBJC_MSGSEND = YES;
				ENABLE_TESTABILITY = YES;
				GCC_C_LANGUAGE_STANDARD = gnu99;
				GCC_DYNAMIC_NO_PIC = NO;
				GCC_NO_COMMON_BLOCKS = YES;
				GCC_OPTIMIZATION_LEVEL = 0;
				GCC_PREPROCESSOR_DEFINITIONS = (
					"DEBUG=1",
					"$(inherited)",
				);
				GCC_WARN_64_TO_32_BIT_CONVERSION = YES;
				GCC_WARN_ABOUT_RETURN_TYPE = YES_ERROR;
				GCC_WARN_UNDECLARED_SELECTOR = YES;
				GCC_WARN_UNINITIALIZED_AUTOS = YES_AGGRESSIVE;
				GCC_WARN_UNUSED_FUNCTION = YES;
				GCC_WARN_UNUSED_VARIABLE = YES;
				IPHONEOS_DEPLOYMENT_TARGET = 9.0;
				MTL_ENABLE_DEBUG_INFO = YES;
				ONLY_ACTIVE_ARCH = YES;
				SDKROOT = iphoneos;
				SWIFT_ACTIVE_COMPILATION_CONDITIONS = DEBUG;
				SWIFT_OPTIMIZATION_LEVEL = "-Onone";
			};
			name = Debug;
		};
		FD2921A01E30ED8C0042C052 /* Release */ = {
			isa = XCBuildConfiguration;
			buildSettings = {
				ALWAYS_SEARCH_USER_PATHS = NO;
				CLANG_ANALYZER_NONNULL = YES;
				CLANG_CXX_LANGUAGE_STANDARD = "gnu++0x";
				CLANG_CXX_LIBRARY = "libc++";
				CLANG_ENABLE_MODULES = YES;
				CLANG_ENABLE_OBJC_ARC = YES;
				CLANG_WARN_BOOL_CONVERSION = YES;
				CLANG_WARN_CONSTANT_CONVERSION = YES;
				CLANG_WARN_DIRECT_OBJC_ISA_USAGE = YES_ERROR;
				CLANG_WARN_DOCUMENTATION_COMMENTS = YES;
				CLANG_WARN_EMPTY_BODY = YES;
				CLANG_WARN_ENUM_CONVERSION = YES;
				CLANG_WARN_INFINITE_RECURSION = YES;
				CLANG_WARN_INT_CONVERSION = YES;
				CLANG_WARN_OBJC_ROOT_CLASS = YES_ERROR;
				CLANG_WARN_SUSPICIOUS_MOVE = YES;
				CLANG_WARN_UNREACHABLE_CODE = YES;
				CLANG_WARN__DUPLICATE_METHOD_MATCH = YES;
				"CODE_SIGN_IDENTITY[sdk=iphoneos*]" = "iPhone Developer";
				COPY_PHASE_STRIP = NO;
				DEBUG_INFORMATION_FORMAT = "dwarf-with-dsym";
				ENABLE_NS_ASSERTIONS = NO;
				ENABLE_STRICT_OBJC_MSGSEND = YES;
				GCC_C_LANGUAGE_STANDARD = gnu99;
				GCC_NO_COMMON_BLOCKS = YES;
				GCC_WARN_64_TO_32_BIT_CONVERSION = YES;
				GCC_WARN_ABOUT_RETURN_TYPE = YES_ERROR;
				GCC_WARN_UNDECLARED_SELECTOR = YES;
				GCC_WARN_UNINITIALIZED_AUTOS = YES_AGGRESSIVE;
				GCC_WARN_UNUSED_FUNCTION = YES;
				GCC_WARN_UNUSED_VARIABLE = YES;
				IPHONEOS_DEPLOYMENT_TARGET = 9.0;
				MTL_ENABLE_DEBUG_INFO = NO;
				SDKROOT = iphoneos;
				SWIFT_OPTIMIZATION_LEVEL = "-Owholemodule";
				VALIDATE_PRODUCT = YES;
			};
			name = Release;
		};
		FD2921A21E30ED8C0042C052 /* Debug */ = {
			isa = XCBuildConfiguration;
			baseConfigurationReference = 03246159523A5271C3ABBABB /* Pods-Otadoya.debug.xcconfig */;
			buildSettings = {
				ASSETCATALOG_COMPILER_APPICON_NAME = AppIcon;
				"CODE_SIGN_IDENTITY[sdk=iphoneos*]" = "iPhone Developer";
				DEVELOPMENT_TEAM = "";
				INFOPLIST_FILE = Otadoya/Info.plist;
				IPHONEOS_DEPLOYMENT_TARGET = 9.0;
				LD_RUNPATH_SEARCH_PATHS = "$(inherited) @executable_path/Frameworks";
				PRODUCT_BUNDLE_IDENTIFIER = xyz.steelhoss.otadoya;
				PRODUCT_NAME = "$(TARGET_NAME)";
				PROVISIONING_PROFILE = "";
				PROVISIONING_PROFILE_SPECIFIER = "";
				SWIFT_VERSION = 3.0;
				TARGETED_DEVICE_FAMILY = "1,2";
			};
			name = Debug;
		};
		FD2921A31E30ED8C0042C052 /* Release */ = {
			isa = XCBuildConfiguration;
			baseConfigurationReference = C439702BFEDF5ABC1EB3B7FA /* Pods-Otadoya.release.xcconfig */;
			buildSettings = {
				ASSETCATALOG_COMPILER_APPICON_NAME = AppIcon;
				"CODE_SIGN_IDENTITY[sdk=iphoneos*]" = "iPhone Developer";
				DEVELOPMENT_TEAM = "";
				INFOPLIST_FILE = Otadoya/Info.plist;
				IPHONEOS_DEPLOYMENT_TARGET = 9.0;
				LD_RUNPATH_SEARCH_PATHS = "$(inherited) @executable_path/Frameworks";
				PRODUCT_BUNDLE_IDENTIFIER = xyz.steelhoss.otadoya;
				PRODUCT_NAME = "$(TARGET_NAME)";
				PROVISIONING_PROFILE = "";
				PROVISIONING_PROFILE_SPECIFIER = "";
				SWIFT_VERSION = 3.0;
				TARGETED_DEVICE_FAMILY = "1,2";
			};
			name = Release;
		};
/* End XCBuildConfiguration section */

/* Begin XCConfigurationList section */
		FD2921741E30ED8B0042C052 /* Build configuration list for PBXProject "Otadoya" */ = {
			isa = XCConfigurationList;
			buildConfigurations = (
				FD29219F1E30ED8C0042C052 /* Debug */,
				FD2921A01E30ED8C0042C052 /* Release */,
			);
			defaultConfigurationIsVisible = 0;
			defaultConfigurationName = Release;
		};
		FD2921A11E30ED8C0042C052 /* Build configuration list for PBXNativeTarget "Otadoya" */ = {
			isa = XCConfigurationList;
			buildConfigurations = (
				FD2921A21E30ED8C0042C052 /* Debug */,
				FD2921A31E30ED8C0042C052 /* Release */,
			);
			defaultConfigurationIsVisible = 0;
			defaultConfigurationName = Release;
		};
/* End XCConfigurationList section */
	};
	rootObject = FD2921711E30ED8B0042C052 /* Project object */;
}
